// !$*UTF8*$!
{
	archiveVersion = 1;
	classes = {
	};
	objectVersion = 50;
	objects = {

/* Begin PBXBuildFile section */
		BF5D472A25EBF32F00CAC06C /* Parameters.swift in Sources */ = {isa = PBXBuildFile; fileRef = BF5D472925EBF32F00CAC06C /* Parameters.swift */; };
		BF5D472D25EBF6A900CAC06C /* BadgeBackground.swift in Sources */ = {isa = PBXBuildFile; fileRef = BF5D472C25EBF6A900CAC06C /* BadgeBackground.swift */; };
		BF5D473025EC03A100CAC06C /* BadgeSymbol.swift in Sources */ = {isa = PBXBuildFile; fileRef = BF5D472F25EC03A100CAC06C /* BadgeSymbol.swift */; };
		BF5D473325EC09B100CAC06C /* RotatedBadgeSymbol.swift in Sources */ = {isa = PBXBuildFile; fileRef = BF5D473225EC09B100CAC06C /* RotatedBadgeSymbol.swift */; };
		BF5D473625EC0A8400CAC06C /* Badge.swift in Sources */ = {isa = PBXBuildFile; fileRef = BF5D473525EC0A8400CAC06C /* Badge.swift */; };
		BF5D473B25ECC51600CAC06C /* hikeData.json in Resources */ = {isa = PBXBuildFile; fileRef = BF5D473A25ECC51600CAC06C /* hikeData.json */; };
		BF5D473E25ECC54A00CAC06C /* Hike.swift in Sources */ = {isa = PBXBuildFile; fileRef = BF5D473D25ECC54A00CAC06C /* Hike.swift */; };
		BF5D474525ECC72B00CAC06C /* GraphCapsule.swift in Sources */ = {isa = PBXBuildFile; fileRef = BF5D474125ECC72B00CAC06C /* GraphCapsule.swift */; };
		BF5D474625ECC72B00CAC06C /* HikeGraph.swift in Sources */ = {isa = PBXBuildFile; fileRef = BF5D474225ECC72B00CAC06C /* HikeGraph.swift */; };
		BF5D474725ECC72B00CAC06C /* HikeDetail.swift in Sources */ = {isa = PBXBuildFile; fileRef = BF5D474325ECC72B00CAC06C /* HikeDetail.swift */; };
		BF5D474825ECC72B00CAC06C /* HikeView.swift in Sources */ = {isa = PBXBuildFile; fileRef = BF5D474425ECC72B00CAC06C /* HikeView.swift */; };
		BF5D474C25ECCEF200CAC06C /* CategoryHome.swift in Sources */ = {isa = PBXBuildFile; fileRef = BF5D474B25ECCEF200CAC06C /* CategoryHome.swift */; };
		BF5D474F25ECD44700CAC06C /* CategoryRow.swift in Sources */ = {isa = PBXBuildFile; fileRef = BF5D474E25ECD44700CAC06C /* CategoryRow.swift */; };
		BF5D475225ECE2D400CAC06C /* CategoryItem.swift in Sources */ = {isa = PBXBuildFile; fileRef = BF5D475125ECE2D400CAC06C /* CategoryItem.swift */; };
		BFB7CF9B25E92C8500188D00 /* LandmarksApp.swift in Sources */ = {isa = PBXBuildFile; fileRef = BFB7CF9A25E92C8500188D00 /* LandmarksApp.swift */; };
		BFB7CF9D25E92C8500188D00 /* ContentView.swift in Sources */ = {isa = PBXBuildFile; fileRef = BFB7CF9C25E92C8500188D00 /* ContentView.swift */; };
		BFB7CF9F25E92C8A00188D00 /* Assets.xcassets in Resources */ = {isa = PBXBuildFile; fileRef = BFB7CF9E25E92C8A00188D00 /* Assets.xcassets */; };
		BFB7CFA225E92C8A00188D00 /* Preview Assets.xcassets in Resources */ = {isa = PBXBuildFile; fileRef = BFB7CFA125E92C8A00188D00 /* Preview Assets.xcassets */; };
		BFB7CFAB25E92FEB00188D00 /* CircleImage.swift in Sources */ = {isa = PBXBuildFile; fileRef = BFB7CFAA25E92FEB00188D00 /* CircleImage.swift */; };
		BFB7CFAE25E9324300188D00 /* MapView.swift in Sources */ = {isa = PBXBuildFile; fileRef = BFB7CFAD25E9324300188D00 /* MapView.swift */; };
		BFB7CFB125E936C100188D00 /* landmarkData.json in Resources */ = {isa = PBXBuildFile; fileRef = BFB7CFB025E936C000188D00 /* landmarkData.json */; };
		BFB7CFB425E9375C00188D00 /* Landmark.swift in Sources */ = {isa = PBXBuildFile; fileRef = BFB7CFB325E9375C00188D00 /* Landmark.swift */; };
		BFB7CFB725E93A0600188D00 /* ModelData.swift in Sources */ = {isa = PBXBuildFile; fileRef = BFB7CFB625E93A0600188D00 /* ModelData.swift */; };
		BFB7CFBF25E93B2500188D00 /* LandmarkRow.swift in Sources */ = {isa = PBXBuildFile; fileRef = BFB7CFBE25E93B2500188D00 /* LandmarkRow.swift */; };
		BFB7CFC225E93D6800188D00 /* LandmarkList.swift in Sources */ = {isa = PBXBuildFile; fileRef = BFB7CFC125E93D6800188D00 /* LandmarkList.swift */; };
		BFB7CFC525E93ECB00188D00 /* LandmarkDetail.swift in Sources */ = {isa = PBXBuildFile; fileRef = BFB7CFC425E93ECB00188D00 /* LandmarkDetail.swift */; };
		BFB7CFCC25E9532C00188D00 /* FavoriteButton.swift in Sources */ = {isa = PBXBuildFile; fileRef = BFB7CFCB25E9532C00188D00 /* FavoriteButton.swift */; };
/* End PBXBuildFile section */

/* Begin PBXFileReference section */
		BF5D472925EBF32F00CAC06C /* Parameters.swift */ = {isa = PBXFileReference; lastKnownFileType = sourcecode.swift; path = Parameters.swift; sourceTree = "<group>"; };
		BF5D472C25EBF6A900CAC06C /* BadgeBackground.swift */ = {isa = PBXFileReference; lastKnownFileType = sourcecode.swift; path = BadgeBackground.swift; sourceTree = "<group>"; };
		BF5D472F25EC03A100CAC06C /* BadgeSymbol.swift */ = {isa = PBXFileReference; lastKnownFileType = sourcecode.swift; path = BadgeSymbol.swift; sourceTree = "<group>"; };
		BF5D473225EC09B100CAC06C /* RotatedBadgeSymbol.swift */ = {isa = PBXFileReference; lastKnownFileType = sourcecode.swift; path = RotatedBadgeSymbol.swift; sourceTree = "<group>"; };
		BF5D473525EC0A8400CAC06C /* Badge.swift */ = {isa = PBXFileReference; lastKnownFileType = sourcecode.swift; path = Badge.swift; sourceTree = "<group>"; };
		BF5D473A25ECC51600CAC06C /* hikeData.json */ = {isa = PBXFileReference; fileEncoding = 4; lastKnownFileType = text.json; path = hikeData.json; sourceTree = "<group>"; };
		BF5D473D25ECC54A00CAC06C /* Hike.swift */ = {isa = PBXFileReference; lastKnownFileType = sourcecode.swift; path = Hike.swift; sourceTree = "<group>"; };
		BF5D474125ECC72B00CAC06C /* GraphCapsule.swift */ = {isa = PBXFileReference; fileEncoding = 4; lastKnownFileType = sourcecode.swift; path = GraphCapsule.swift; sourceTree = "<group>"; };
		BF5D474225ECC72B00CAC06C /* HikeGraph.swift */ = {isa = PBXFileReference; fileEncoding = 4; lastKnownFileType = sourcecode.swift; path = HikeGraph.swift; sourceTree = "<group>"; };
		BF5D474325ECC72B00CAC06C /* HikeDetail.swift */ = {isa = PBXFileReference; fileEncoding = 4; lastKnownFileType = sourcecode.swift; path = HikeDetail.swift; sourceTree = "<group>"; };
		BF5D474425ECC72B00CAC06C /* HikeView.swift */ = {isa = PBXFileReference; fileEncoding = 4; lastKnownFileType = sourcecode.swift; path = HikeView.swift; sourceTree = "<group>"; };
		BF5D474B25ECCEF200CAC06C /* CategoryHome.swift */ = {isa = PBXFileReference; lastKnownFileType = sourcecode.swift; path = CategoryHome.swift; sourceTree = "<group>"; };
		BF5D474E25ECD44700CAC06C /* CategoryRow.swift */ = {isa = PBXFileReference; lastKnownFileType = sourcecode.swift; path = CategoryRow.swift; sourceTree = "<group>"; };
		BF5D475125ECE2D400CAC06C /* CategoryItem.swift */ = {isa = PBXFileReference; lastKnownFileType = sourcecode.swift; path = CategoryItem.swift; sourceTree = "<group>"; };
		BFB7CF9725E92C8500188D00 /* Landmarks.app */ = {isa = PBXFileReference; explicitFileType = wrapper.application; includeInIndex = 0; path = Landmarks.app; sourceTree = BUILT_PRODUCTS_DIR; };
		BFB7CF9A25E92C8500188D00 /* LandmarksApp.swift */ = {isa = PBXFileReference; lastKnownFileType = sourcecode.swift; path = LandmarksApp.swift; sourceTree = "<group>"; };
		BFB7CF9C25E92C8500188D00 /* ContentView.swift */ = {isa = PBXFileReference; lastKnownFileType = sourcecode.swift; path = ContentView.swift; sourceTree = "<group>"; };
		BFB7CF9E25E92C8A00188D00 /* Assets.xcassets */ = {isa = PBXFileReference; lastKnownFileType = folder.assetcatalog; path = Assets.xcassets; sourceTree = "<group>"; };
		BFB7CFA125E92C8A00188D00 /* Preview Assets.xcassets */ = {isa = PBXFileReference; lastKnownFileType = folder.assetcatalog; path = "Preview Assets.xcassets"; sourceTree = "<group>"; };
		BFB7CFA325E92C8A00188D00 /* Info.plist */ = {isa = PBXFileReference; lastKnownFileType = text.plist.xml; path = Info.plist; sourceTree = "<group>"; };
		BFB7CFAA25E92FEB00188D00 /* CircleImage.swift */ = {isa = PBXFileReference; lastKnownFileType = sourcecode.swift; path = CircleImage.swift; sourceTree = "<group>"; };
		BFB7CFAD25E9324300188D00 /* MapView.swift */ = {isa = PBXFileReference; lastKnownFileType = sourcecode.swift; path = MapView.swift; sourceTree = "<group>"; };
		BFB7CFB025E936C000188D00 /* landmarkData.json */ = {isa = PBXFileReference; fileEncoding = 4; lastKnownFileType = text.json; path = landmarkData.json; sourceTree = "<group>"; };
		BFB7CFB325E9375C00188D00 /* Landmark.swift */ = {isa = PBXFileReference; lastKnownFileType = sourcecode.swift; path = Landmark.swift; sourceTree = "<group>"; };
		BFB7CFB625E93A0600188D00 /* ModelData.swift */ = {isa = PBXFileReference; lastKnownFileType = sourcecode.swift; path = ModelData.swift; sourceTree = "<group>"; };
		BFB7CFBE25E93B2500188D00 /* LandmarkRow.swift */ = {isa = PBXFileReference; lastKnownFileType = sourcecode.swift; name = LandmarkRow.swift; path = Landmarks/Views/Landmarks/LandmarkRow.swift; sourceTree = SOURCE_ROOT; };
		BFB7CFC125E93D6800188D00 /* LandmarkList.swift */ = {isa = PBXFileReference; lastKnownFileType = sourcecode.swift; path = LandmarkList.swift; sourceTree = "<group>"; };
		BFB7CFC425E93ECB00188D00 /* LandmarkDetail.swift */ = {isa = PBXFileReference; lastKnownFileType = sourcecode.swift; path = LandmarkDetail.swift; sourceTree = "<group>"; };
		BFB7CFCB25E9532C00188D00 /* FavoriteButton.swift */ = {isa = PBXFileReference; lastKnownFileType = sourcecode.swift; path = FavoriteButton.swift; sourceTree = "<group>"; };
/* End PBXFileReference section */

/* Begin PBXFrameworksBuildPhase section */
		BFB7CF9425E92C8500188D00 /* Frameworks */ = {
			isa = PBXFrameworksBuildPhase;
			buildActionMask = 2147483647;
			files = (
			);
			runOnlyForDeploymentPostprocessing = 0;
		};
/* End PBXFrameworksBuildPhase section */

/* Begin PBXGroup section */
		BF5D473825EC0E5500CAC06C /* Badges */ = {
			isa = PBXGroup;
			children = (
				BF5D472925EBF32F00CAC06C /* Parameters.swift */,
				BF5D472C25EBF6A900CAC06C /* BadgeBackground.swift */,
				BF5D472F25EC03A100CAC06C /* BadgeSymbol.swift */,
				BF5D473225EC09B100CAC06C /* RotatedBadgeSymbol.swift */,
				BF5D473525EC0A8400CAC06C /* Badge.swift */,
			);
			path = Badges;
			sourceTree = "<group>";
		};
		BF5D474025ECC72B00CAC06C /* Hikes */ = {
			isa = PBXGroup;
			children = (
				BF5D474125ECC72B00CAC06C /* GraphCapsule.swift */,
				BF5D474225ECC72B00CAC06C /* HikeGraph.swift */,
				BF5D474325ECC72B00CAC06C /* HikeDetail.swift */,
				BF5D474425ECC72B00CAC06C /* HikeView.swift */,
			);
			path = Hikes;
			sourceTree = "<group>";
		};
		BF5D474A25ECCEBE00CAC06C /* Categories */ = {
			isa = PBXGroup;
			children = (
				BF5D474B25ECCEF200CAC06C /* CategoryHome.swift */,
				BF5D474E25ECD44700CAC06C /* CategoryRow.swift */,
				BF5D475125ECE2D400CAC06C /* CategoryItem.swift */,
			);
			path = Categories;
			sourceTree = "<group>";
		};
		BFB7CF8E25E92C8400188D00 = {
			isa = PBXGroup;
			children = (
				BFB7CF9925E92C8500188D00 /* Landmarks */,
				BFB7CF9825E92C8500188D00 /* Products */,
			);
			sourceTree = "<group>";
		};
		BFB7CF9825E92C8500188D00 /* Products */ = {
			isa = PBXGroup;
			children = (
				BFB7CF9725E92C8500188D00 /* Landmarks.app */,
			);
			name = Products;
			sourceTree = "<group>";
		};
		BFB7CF9925E92C8500188D00 /* Landmarks */ = {
			isa = PBXGroup;
			children = (
				BFB7CFBC25E93AD900188D00 /* Resources */,
				BFB7CF9A25E92C8500188D00 /* LandmarksApp.swift */,
				BFB7CFB925E93AB400188D00 /* Views */,
				BFB7CFBA25E93ACC00188D00 /* Model */,
				BFB7CF9E25E92C8A00188D00 /* Assets.xcassets */,
				BFB7CFA325E92C8A00188D00 /* Info.plist */,
				BFB7CFA025E92C8A00188D00 /* Preview Content */,
			);
			path = Landmarks;
			sourceTree = "<group>";
		};
		BFB7CFA025E92C8A00188D00 /* Preview Content */ = {
			isa = PBXGroup;
			children = (
				BFB7CFA125E92C8A00188D00 /* Preview Assets.xcassets */,
			);
			path = "Preview Content";
			sourceTree = "<group>";
		};
		BFB7CFB925E93AB400188D00 /* Views */ = {
			isa = PBXGroup;
			children = (
				BF5D474A25ECCEBE00CAC06C /* Categories */,
				BF5D474025ECC72B00CAC06C /* Hikes */,
				BFB7CFCE25E9547E00188D00 /* Landmarks */,
				BFB7CFD025E9554000188D00 /* Helpers */,
				BFB7CF9C25E92C8500188D00 /* ContentView.swift */,
				BF5D473825EC0E5500CAC06C /* Badges */,
			);
			path = Views;
			sourceTree = "<group>";
		};
		BFB7CFBA25E93ACC00188D00 /* Model */ = {
			isa = PBXGroup;
			children = (
				BFB7CFB325E9375C00188D00 /* Landmark.swift */,
				BFB7CFB625E93A0600188D00 /* ModelData.swift */,
				BF5D473D25ECC54A00CAC06C /* Hike.swift */,
			);
			path = Model;
			sourceTree = "<group>";
		};
		BFB7CFBC25E93AD900188D00 /* Resources */ = {
			isa = PBXGroup;
			children = (
				BF5D473A25ECC51600CAC06C /* hikeData.json */,
				BFB7CFB025E936C000188D00 /* landmarkData.json */,
			);
			path = Resources;
			sourceTree = "<group>";
		};
		BFB7CFCE25E9547E00188D00 /* Landmarks */ = {
			isa = PBXGroup;
			children = (
				BFB7CFBE25E93B2500188D00 /* LandmarkRow.swift */,
				BFB7CFC125E93D6800188D00 /* LandmarkList.swift */,
				BFB7CFC425E93ECB00188D00 /* LandmarkDetail.swift */,
			);
			path = Landmarks;
			sourceTree = "<group>";
		};
		BFB7CFD025E9554000188D00 /* Helpers */ = {
			isa = PBXGroup;
			children = (
				BFB7CFCB25E9532C00188D00 /* FavoriteButton.swift */,
				BFB7CFAA25E92FEB00188D00 /* CircleImage.swift */,
				BFB7CFAD25E9324300188D00 /* MapView.swift */,
			);
			path = Helpers;
			sourceTree = "<group>";
		};
/* End PBXGroup section */

/* Begin PBXNativeTarget section */
		BFB7CF9625E92C8500188D00 /* Landmarks */ = {
			isa = PBXNativeTarget;
			buildConfigurationList = BFB7CFA625E92C8A00188D00 /* Build configuration list for PBXNativeTarget "Landmarks" */;
			buildPhases = (
				BFB7CF9325E92C8500188D00 /* Sources */,
				BFB7CF9425E92C8500188D00 /* Frameworks */,
				BFB7CF9525E92C8500188D00 /* Resources */,
			);
			buildRules = (
			);
			dependencies = (
			);
			name = Landmarks;
			productName = Landmarks;
			productReference = BFB7CF9725E92C8500188D00 /* Landmarks.app */;
			productType = "com.apple.product-type.application";
		};
/* End PBXNativeTarget section */

/* Begin PBXProject section */
		BFB7CF8F25E92C8500188D00 /* Project object */ = {
			isa = PBXProject;
			attributes = {
				LastSwiftUpdateCheck = 1230;
				LastUpgradeCheck = 1230;
				TargetAttributes = {
					BFB7CF9625E92C8500188D00 = {
						CreatedOnToolsVersion = 12.3;
					};
				};
			};
			buildConfigurationList = BFB7CF9225E92C8500188D00 /* Build configuration list for PBXProject "Landmarks" */;
			compatibilityVersion = "Xcode 9.3";
			developmentRegion = en;
			hasScannedForEncodings = 0;
			knownRegions = (
				en,
				Base,
			);
			mainGroup = BFB7CF8E25E92C8400188D00;
			productRefGroup = BFB7CF9825E92C8500188D00 /* Products */;
			projectDirPath = "";
			projectRoot = "";
			targets = (
				BFB7CF9625E92C8500188D00 /* Landmarks */,
			);
		};
/* End PBXProject section */

/* Begin PBXResourcesBuildPhase section */
		BFB7CF9525E92C8500188D00 /* Resources */ = {
			isa = PBXResourcesBuildPhase;
			buildActionMask = 2147483647;
			files = (
				BF5D473B25ECC51600CAC06C /* hikeData.json in Resources */,
				BFB7CFA225E92C8A00188D00 /* Preview Assets.xcassets in Resources */,
				BFB7CF9F25E92C8A00188D00 /* Assets.xcassets in Resources */,
				BFB7CFB125E936C100188D00 /* landmarkData.json in Resources */,
			);
			runOnlyForDeploymentPostprocessing = 0;
		};
/* End PBXResourcesBuildPhase section */

/* Begin PBXSourcesBuildPhase section */
		BFB7CF9325E92C8500188D00 /* Sources */ = {
			isa = PBXSourcesBuildPhase;
			buildActionMask = 2147483647;
			files = (
				BF5D474F25ECD44700CAC06C /* CategoryRow.swift in Sources */,
				BFB7CF9D25E92C8500188D00 /* ContentView.swift in Sources */,
				BF5D474C25ECCEF200CAC06C /* CategoryHome.swift in Sources */,
				BF5D474625ECC72B00CAC06C /* HikeGraph.swift in Sources */,
				BF5D473625EC0A8400CAC06C /* Badge.swift in Sources */,
				BFB7CFAE25E9324300188D00 /* MapView.swift in Sources */,
				BF5D474525ECC72B00CAC06C /* GraphCapsule.swift in Sources */,
				BFB7CF9B25E92C8500188D00 /* LandmarksApp.swift in Sources */,
				BFB7CFCC25E9532C00188D00 /* FavoriteButton.swift in Sources */,
				BF5D475225ECE2D400CAC06C /* CategoryItem.swift in Sources */,
				BF5D474725ECC72B00CAC06C /* HikeDetail.swift in Sources */,
				BFB7CFC225E93D6800188D00 /* LandmarkList.swift in Sources */,
				BF5D473E25ECC54A00CAC06C /* Hike.swift in Sources */,
				BF5D473325EC09B100CAC06C /* RotatedBadgeSymbol.swift in Sources */,
				BF5D473025EC03A100CAC06C /* BadgeSymbol.swift in Sources */,
				BFB7CFC525E93ECB00188D00 /* LandmarkDetail.swift in Sources */,
				BF5D474825ECC72B00CAC06C /* HikeView.swift in Sources */,
				BFB7CFAB25E92FEB00188D00 /* CircleImage.swift in Sources */,
				BF5D472D25EBF6A900CAC06C /* BadgeBackground.swift in Sources */,
				BFB7CFB425E9375C00188D00 /* Landmark.swift in Sources */,
				BFB7CFBF25E93B2500188D00 /* LandmarkRow.swift in Sources */,
				BFB7CFB725E93A0600188D00 /* ModelData.swift in Sources */,
				BF5D472A25EBF32F00CAC06C /* Parameters.swift in Sources */,
			);
			runOnlyForDeploymentPostprocessing = 0;
		};
/* End PBXSourcesBuildPhase section */

/* Begin XCBuildConfiguration section */
		BFB7CFA425E92C8A00188D00 /* Debug */ = {
			isa = XCBuildConfiguration;
			buildSettings = {
				ALWAYS_SEARCH_USER_PATHS = NO;
				CLANG_ANALYZER_NONNULL = YES;
				CLANG_ANALYZER_NUMBER_OBJECT_CONVERSION = YES_AGGRESSIVE;
				CLANG_CXX_LANGUAGE_STANDARD = "gnu++14";
				CLANG_CXX_LIBRARY = "libc++";
				CLANG_ENABLE_MODULES = YES;
				CLANG_ENABLE_OBJC_ARC = YES;
				CLANG_ENABLE_OBJC_WEAK = YES;
				CLANG_WARN_BLOCK_CAPTURE_AUTORELEASING = YES;
				CLANG_WARN_BOOL_CONVERSION = YES;
				CLANG_WARN_COMMA = YES;
				CLANG_WARN_CONSTANT_CONVERSION = YES;
				CLANG_WARN_DEPRECATED_OBJC_IMPLEMENTATIONS = YES;
				CLANG_WARN_DIRECT_OBJC_ISA_USAGE = YES_ERROR;
				CLANG_WARN_DOCUMENTATION_COMMENTS = YES;
				CLANG_WARN_EMPTY_BODY = YES;
				CLANG_WARN_ENUM_CONVERSION = YES;
				CLANG_WARN_INFINITE_RECURSION = YES;
				CLANG_WARN_INT_CONVERSION = YES;
				CLANG_WARN_NON_LITERAL_NULL_CONVERSION = YES;
				CLANG_WARN_OBJC_IMPLICIT_RETAIN_SELF = YES;
				CLANG_WARN_OBJC_LITERAL_CONVERSION = YES;
				CLANG_WARN_OBJC_ROOT_CLASS = YES_ERROR;
				CLANG_WARN_QUOTED_INCLUDE_IN_FRAMEWORK_HEADER = YES;
				CLANG_WARN_RANGE_LOOP_ANALYSIS = YES;
				CLANG_WARN_STRICT_PROTOTYPES = YES;
				CLANG_WARN_SUSPICIOUS_MOVE = YES;
				CLANG_WARN_UNGUARDED_AVAILABILITY = YES_AGGRESSIVE;
				CLANG_WARN_UNREACHABLE_CODE = YES;
				CLANG_WARN__DUPLICATE_METHOD_MATCH = YES;
				COPY_PHASE_STRIP = NO;
				DEBUG_INFORMATION_FORMAT = dwarf;
				ENABLE_STRICT_OBJC_MSGSEND = YES;
				ENABLE_TESTABILITY = YES;
				GCC_C_LANGUAGE_STANDARD = gnu11;
				GCC_DYNAMIC_NO_PIC = NO;
				GCC_NO_COMMON_BLOCKS = YES;
				GCC_OPTIMIZATION_LEVEL = 0;
				GCC_PREPROCESSOR_DEFINITIONS = (
					"DEBUG=1",
					"$(inherited)",
				);
				GCC_WARN_64_TO_32_BIT_CONVERSION = YES;
				GCC_WARN_ABOUT_RETURN_TYPE = YES_ERROR;
				GCC_WARN_UNDECLARED_SELECTOR = YES;
				GCC_WARN_UNINITIALIZED_AUTOS = YES_AGGRESSIVE;
				GCC_WARN_UNUSED_FUNCTION = YES;
				GCC_WARN_UNUSED_VARIABLE = YES;
				IPHONEOS_DEPLOYMENT_TARGET = 14.3;
				MTL_ENABLE_DEBUG_INFO = INCLUDE_SOURCE;
				MTL_FAST_MATH = YES;
				ONLY_ACTIVE_ARCH = YES;
				SDKROOT = iphoneos;
				SWIFT_ACTIVE_COMPILATION_CONDITIONS = DEBUG;
				SWIFT_OPTIMIZATION_LEVEL = "-Onone";
			};
			name = Debug;
		};
		BFB7CFA525E92C8A00188D00 /* Release */ = {
			isa = XCBuildConfiguration;
			buildSettings = {
				ALWAYS_SEARCH_USER_PATHS = NO;
				CLANG_ANALYZER_NONNULL = YES;
				CLANG_ANALYZER_NUMBER_OBJECT_CONVERSION = YES_AGGRESSIVE;
				CLANG_CXX_LANGUAGE_STANDARD = "gnu++14";
				CLANG_CXX_LIBRARY = "libc++";
				CLANG_ENABLE_MODULES = YES;
				CLANG_ENABLE_OBJC_ARC = YES;
				CLANG_ENABLE_OBJC_WEAK = YES;
				CLANG_WARN_BLOCK_CAPTURE_AUTORELEASING = YES;
				CLANG_WARN_BOOL_CONVERSION = YES;
				CLANG_WARN_COMMA = YES;
				CLANG_WARN_CONSTANT_CONVERSION = YES;
				CLANG_WARN_DEPRECATED_OBJC_IMPLEMENTATIONS = YES;
				CLANG_WARN_DIRECT_OBJC_ISA_USAGE = YES_ERROR;
				CLANG_WARN_DOCUMENTATION_COMMENTS = YES;
				CLANG_WARN_EMPTY_BODY = YES;
				CLANG_WARN_ENUM_CONVERSION = YES;
				CLANG_WARN_INFINITE_RECURSION = YES;
				CLANG_WARN_INT_CONVERSION = YES;
				CLANG_WARN_NON_LITERAL_NULL_CONVERSION = YES;
				CLANG_WARN_OBJC_IMPLICIT_RETAIN_SELF = YES;
				CLANG_WARN_OBJC_LITERAL_CONVERSION = YES;
				CLANG_WARN_OBJC_ROOT_CLASS = YES_ERROR;
				CLANG_WARN_QUOTED_INCLUDE_IN_FRAMEWORK_HEADER = YES;
				CLANG_WARN_RANGE_LOOP_ANALYSIS = YES;
				CLANG_WARN_STRICT_PROTOTYPES = YES;
				CLANG_WARN_SUSPICIOUS_MOVE = YES;
				CLANG_WARN_UNGUARDED_AVAILABILITY = YES_AGGRESSIVE;
				CLANG_WARN_UNREACHABLE_CODE = YES;
				CLANG_WARN__DUPLICATE_METHOD_MATCH = YES;
				COPY_PHASE_STRIP = NO;
				DEBUG_INFORMATION_FORMAT = "dwarf-with-dsym";
				ENABLE_NS_ASSERTIONS = NO;
				ENABLE_STRICT_OBJC_MSGSEND = YES;
				GCC_C_LANGUAGE_STANDARD = gnu11;
				GCC_NO_COMMON_BLOCKS = YES;
				GCC_WARN_64_TO_32_BIT_CONVERSION = YES;
				GCC_WARN_ABOUT_RETURN_TYPE = YES_ERROR;
				GCC_WARN_UNDECLARED_SELECTOR = YES;
				GCC_WARN_UNINITIALIZED_AUTOS = YES_AGGRESSIVE;
				GCC_WARN_UNUSED_FUNCTION = YES;
				GCC_WARN_UNUSED_VARIABLE = YES;
				IPHONEOS_DEPLOYMENT_TARGET = 14.3;
				MTL_ENABLE_DEBUG_INFO = NO;
				MTL_FAST_MATH = YES;
				SDKROOT = iphoneos;
				SWIFT_COMPILATION_MODE = wholemodule;
				SWIFT_OPTIMIZATION_LEVEL = "-O";
				VALIDATE_PRODUCT = YES;
			};
			name = Release;
		};
		BFB7CFA725E92C8A00188D00 /* Debug */ = {
			isa = XCBuildConfiguration;
			buildSettings = {
				ASSETCATALOG_COMPILER_APPICON_NAME = AppIcon;
				ASSETCATALOG_COMPILER_GLOBAL_ACCENT_COLOR_NAME = AccentColor;
				CODE_SIGN_STYLE = Automatic;
				DEVELOPMENT_ASSET_PATHS = "\"Landmarks/Preview Content\"";
				ENABLE_PREVIEWS = YES;
				INFOPLIST_FILE = Landmarks/Info.plist;
				IPHONEOS_DEPLOYMENT_TARGET = 14.0;
				LD_RUNPATH_SEARCH_PATHS = (
					"$(inherited)",
					"@executable_path/Frameworks",
				);
				PRODUCT_BUNDLE_IDENTIFIER = yoko.Landmarks;
				PRODUCT_NAME = "$(TARGET_NAME)";
				SWIFT_VERSION = 5.0;
				TARGETED_DEVICE_FAMILY = "1,2";
			};
			name = Debug;
		};
		BFB7CFA825E92C8A00188D00 /* Release */ = {
			isa = XCBuildConfiguration;
			buildSettings = {
				ASSETCATALOG_COMPILER_APPICON_NAME = AppIcon;
				ASSETCATALOG_COMPILER_GLOBAL_ACCENT_COLOR_NAME = AccentColor;
				CODE_SIGN_STYLE = Automatic;
				DEVELOPMENT_ASSET_PATHS = "\"Landmarks/Preview Content\"";
				ENABLE_PREVIEWS = YES;
				INFOPLIST_FILE = Landmarks/Info.plist;
				IPHONEOS_DEPLOYMENT_TARGET = 14.0;
				LD_RUNPATH_SEARCH_PATHS = (
					"$(inherited)",
					"@executable_path/Frameworks",
				);
				PRODUCT_BUNDLE_IDENTIFIER = yoko.Landmarks;
				PRODUCT_NAME = "$(TARGET_NAME)";
				SWIFT_VERSION = 5.0;
				TARGETED_DEVICE_FAMILY = "1,2";
			};
			name = Release;
		};
/* End XCBuildConfiguration section */

/* Begin XCConfigurationList section */
		BFB7CF9225E92C8500188D00 /* Build configuration list for PBXProject "Landmarks" */ = {
			isa = XCConfigurationList;
			buildConfigurations = (
				BFB7CFA425E92C8A00188D00 /* Debug */,
				BFB7CFA525E92C8A00188D00 /* Release */,
			);
			defaultConfigurationIsVisible = 0;
			defaultConfigurationName = Release;
		};
		BFB7CFA625E92C8A00188D00 /* Build configuration list for PBXNativeTarget "Landmarks" */ = {
			isa = XCConfigurationList;
			buildConfigurations = (
				BFB7CFA725E92C8A00188D00 /* Debug */,
				BFB7CFA825E92C8A00188D00 /* Release */,
			);
			defaultConfigurationIsVisible = 0;
			defaultConfigurationName = Release;
		};
/* End XCConfigurationList section */
	};
	rootObject = BFB7CF8F25E92C8500188D00 /* Project object */;
}
